// !$*UTF8*$!
{
	archiveVersion = 1;
	classes = {
	};
	objectVersion = 46;
	objects = {

/* Begin PBXBuildFile section */
		9A83E05B1DA69FB200DBE157 /* AppDelegate.swift in Sources */ = {isa = PBXBuildFile; fileRef = 9A83E05A1DA69FB200DBE157 /* AppDelegate.swift */; };
		9A83E05D1DA69FB200DBE157 /* TabBarController.swift in Sources */ = {isa = PBXBuildFile; fileRef = 9A83E05C1DA69FB200DBE157 /* TabBarController.swift */; };
		9A83E0601DA69FB200DBE157 /* Main.storyboard in Resources */ = {isa = PBXBuildFile; fileRef = 9A83E05E1DA69FB200DBE157 /* Main.storyboard */; };
		9A83E0621DA69FB200DBE157 /* Assets.xcassets in Resources */ = {isa = PBXBuildFile; fileRef = 9A83E0611DA69FB200DBE157 /* Assets.xcassets */; };
		9A83E0651DA69FB200DBE157 /* LaunchScreen.storyboard in Resources */ = {isa = PBXBuildFile; fileRef = 9A83E0631DA69FB200DBE157 /* LaunchScreen.storyboard */; };
		9A83E06D1DA6B54400DBE157 /* Overview.swift in Sources */ = {isa = PBXBuildFile; fileRef = 9A83E06C1DA6B54400DBE157 /* Overview.swift */; };
/* End PBXBuildFile section */

/* Begin PBXFileReference section */
		9A83E0571DA69FB200DBE157 /* Roosters.app */ = {isa = PBXFileReference; explicitFileType = wrapper.application; includeInIndex = 0; path = Roosters.app; sourceTree = BUILT_PRODUCTS_DIR; };
		9A83E05A1DA69FB200DBE157 /* AppDelegate.swift */ = {isa = PBXFileReference; lastKnownFileType = sourcecode.swift; path = AppDelegate.swift; sourceTree = "<group>"; };
		9A83E05C1DA69FB200DBE157 /* TabBarController.swift */ = {isa = PBXFileReference; lastKnownFileType = sourcecode.swift; path = TabBarController.swift; sourceTree = "<group>"; };
		9A83E05F1DA69FB200DBE157 /* Base */ = {isa = PBXFileReference; lastKnownFileType = file.storyboard; name = Base; path = Base.lproj/Main.storyboard; sourceTree = "<group>"; };
		9A83E0611DA69FB200DBE157 /* Assets.xcassets */ = {isa = PBXFileReference; lastKnownFileType = folder.assetcatalog; path = Assets.xcassets; sourceTree = "<group>"; };
		9A83E0641DA69FB200DBE157 /* Base */ = {isa = PBXFileReference; lastKnownFileType = file.storyboard; name = Base; path = Base.lproj/LaunchScreen.storyboard; sourceTree = "<group>"; };
		9A83E0661DA69FB200DBE157 /* Info.plist */ = {isa = PBXFileReference; lastKnownFileType = text.plist.xml; path = Info.plist; sourceTree = "<group>"; };
		9A83E06C1DA6B54400DBE157 /* Overview.swift */ = {isa = PBXFileReference; fileEncoding = 4; lastKnownFileType = sourcecode.swift; path = Overview.swift; sourceTree = "<group>"; };
/* End PBXFileReference section */

/* Begin PBXFrameworksBuildPhase section */
		9A83E0541DA69FB100DBE157 /* Frameworks */ = {
			isa = PBXFrameworksBuildPhase;
			buildActionMask = 2147483647;
			files = (
			);
			runOnlyForDeploymentPostprocessing = 0;
		};
/* End PBXFrameworksBuildPhase section */

/* Begin PBXGroup section */
		9A83E04E1DA69FB100DBE157 = {
			isa = PBXGroup;
			children = (
				9A83E0591DA69FB200DBE157 /* Roosters */,
				9A83E0581DA69FB200DBE157 /* Products */,
			);
			sourceTree = "<group>";
		};
		9A83E0581DA69FB200DBE157 /* Products */ = {
			isa = PBXGroup;
			children = (
				9A83E0571DA69FB200DBE157 /* Roosters.app */,
			);
			name = Products;
			sourceTree = "<group>";
		};
		9A83E0591DA69FB200DBE157 /* Roosters */ = {
			isa = PBXGroup;
			children = (
				9A83E05A1DA69FB200DBE157 /* AppDelegate.swift */,
				9A83E05C1DA69FB200DBE157 /* TabBarController.swift */,
				9A83E05E1DA69FB200DBE157 /* Main.storyboard */,
				9A83E0611DA69FB200DBE157 /* Assets.xcassets */,
				9A83E0631DA69FB200DBE157 /* LaunchScreen.storyboard */,
				9A83E0661DA69FB200DBE157 /* Info.plist */,
				9A83E06C1DA6B54400DBE157 /* Overview.swift */,
			);
			path = Roosters;
			sourceTree = "<group>";
		};
/* End PBXGroup section */

/* Begin PBXNativeTarget section */
		9A83E0561DA69FB100DBE157 /* Roosters */ = {
			isa = PBXNativeTarget;
			buildConfigurationList = 9A83E0691DA69FB200DBE157 /* Build configuration list for PBXNativeTarget "Roosters" */;
			buildPhases = (
				9A83E0531DA69FB100DBE157 /* Sources */,
				9A83E0541DA69FB100DBE157 /* Frameworks */,
				9A83E0551DA69FB100DBE157 /* Resources */,
			);
			buildRules = (
			);
			dependencies = (
			);
			name = Roosters;
			productName = Roosters;
			productReference = 9A83E0571DA69FB200DBE157 /* Roosters.app */;
			productType = "com.apple.product-type.application";
		};
/* End PBXNativeTarget section */

/* Begin PBXProject section */
		9A83E04F1DA69FB100DBE157 /* Project object */ = {
			isa = PBXProject;
			attributes = {
				LastSwiftUpdateCheck = 0800;
				LastUpgradeCheck = 0800;
				ORGANIZATIONNAME = "Hugo Olthof";
				TargetAttributes = {
					9A83E0561DA69FB100DBE157 = {
						CreatedOnToolsVersion = 8.0;
						ProvisioningStyle = Manual;
					};
				};
			};
			buildConfigurationList = 9A83E0521DA69FB100DBE157 /* Build configuration list for PBXProject "Roosters" */;
			compatibilityVersion = "Xcode 3.2";
			developmentRegion = English;
			hasScannedForEncodings = 0;
			knownRegions = (
				en,
				Base,
			);
			mainGroup = 9A83E04E1DA69FB100DBE157;
			productRefGroup = 9A83E0581DA69FB200DBE157 /* Products */;
			projectDirPath = "";
			projectRoot = "";
			targets = (
				9A83E0561DA69FB100DBE157 /* Roosters */,
			);
		};
/* End PBXProject section */

/* Begin PBXResourcesBuildPhase section */
		9A83E0551DA69FB100DBE157 /* Resources */ = {
			isa = PBXResourcesBuildPhase;
			buildActionMask = 2147483647;
			files = (
				9A83E0651DA69FB200DBE157 /* LaunchScreen.storyboard in Resources */,
				9A83E0621DA69FB200DBE157 /* Assets.xcassets in Resources */,
				9A83E0601DA69FB200DBE157 /* Main.storyboard in Resources */,
			);
			runOnlyForDeploymentPostprocessing = 0;
		};
/* End PBXResourcesBuildPhase section */

/* Begin PBXSourcesBuildPhase section */
		9A83E0531DA69FB100DBE157 /* Sources */ = {
			isa = PBXSourcesBuildPhase;
			buildActionMask = 2147483647;
			files = (
				9A83E06D1DA6B54400DBE157 /* Overview.swift in Sources */,
				9A83E05D1DA69FB200DBE157 /* TabBarController.swift in Sources */,
				9A83E05B1DA69FB200DBE157 /* AppDelegate.swift in Sources */,
			);
			runOnlyForDeploymentPostprocessing = 0;
		};
/* End PBXSourcesBuildPhase section */

/* Begin PBXVariantGroup section */
		9A83E05E1DA69FB200DBE157 /* Main.storyboard */ = {
			isa = PBXVariantGroup;
			children = (
				9A83E05F1DA69FB200DBE157 /* Base */,
			);
			name = Main.storyboard;
			sourceTree = "<group>";
		};
		9A83E0631DA69FB200DBE157 /* LaunchScreen.storyboard */ = {
			isa = PBXVariantGroup;
			children = (
				9A83E0641DA69FB200DBE157 /* Base */,
			);
			name = LaunchScreen.storyboard;
			sourceTree = "<group>";
		};
/* End PBXVariantGroup section */

/* Begin XCBuildConfiguration section */
		9A83E0671DA69FB200DBE157 /* Debug */ = {
			isa = XCBuildConfiguration;
			buildSettings = {
				ALWAYS_SEARCH_USER_PATHS = NO;
				CLANG_ANALYZER_NONNULL = YES;
				CLANG_CXX_LANGUAGE_STANDARD = "gnu++0x";
				CLANG_CXX_LIBRARY = "libc++";
				CLANG_ENABLE_MODULES = YES;
				CLANG_ENABLE_OBJC_ARC = YES;
				CLANG_WARN_BOOL_CONVERSION = YES;
				CLANG_WARN_CONSTANT_CONVERSION = YES;
				CLANG_WARN_DIRECT_OBJC_ISA_USAGE = YES_ERROR;
				CLANG_WARN_DOCUMENTATION_COMMENTS = YES;
				CLANG_WARN_EMPTY_BODY = YES;
				CLANG_WARN_ENUM_CONVERSION = YES;
				CLANG_WARN_INFINITE_RECURSION = YES;
				CLANG_WARN_INT_CONVERSION = YES;
				CLANG_WARN_OBJC_ROOT_CLASS = YES_ERROR;
				CLANG_WARN_SUSPICIOUS_MOVES = YES;
				CLANG_WARN_UNREACHABLE_CODE = YES;
				CLANG_WARN__DUPLICATE_METHOD_MATCH = YES;
				"CODE_SIGN_IDENTITY[sdk=iphoneos*]" = "iPhone Developer";
				COPY_PHASE_STRIP = NO;
				DEBUG_INFORMATION_FORMAT = dwarf;
				ENABLE_STRICT_OBJC_MSGSEND = YES;
				ENABLE_TESTABILITY = YES;
				GCC_C_LANGUAGE_STANDARD = gnu99;
				GCC_DYNAMIC_NO_PIC = NO;
				GCC_NO_COMMON_BLOCKS = YES;
				GCC_OPTIMIZATION_LEVEL = 0;
				GCC_PREPROCESSOR_DEFINITIONS = (
					"DEBUG=1",
					"$(inherited)",
				);
				GCC_WARN_64_TO_32_BIT_CONVERSION = YES;
				GCC_WARN_ABOUT_RETURN_TYPE = YES_ERROR;
				GCC_WARN_UNDECLARED_SELECTOR = YES;
				GCC_WARN_UNINITIALIZED_AUTOS = YES_AGGRESSIVE;
				GCC_WARN_UNUSED_FUNCTION = YES;
				GCC_WARN_UNUSED_VARIABLE = YES;
				IPHONEOS_DEPLOYMENT_TARGET = 10.0;
				MTL_ENABLE_DEBUG_INFO = YES;
				ONLY_ACTIVE_ARCH = YES;
				SDKROOT = iphoneos;
				SWIFT_ACTIVE_COMPILATION_CONDITIONS = DEBUG;
				SWIFT_OPTIMIZATION_LEVEL = "-Onone";
			};
			name = Debug;
		};
		9A83E0681DA69FB200DBE157 /* Release */ = {
			isa = XCBuildConfiguration;
			buildSettings = {
				ALWAYS_SEARCH_USER_PATHS = NO;
				CLANG_ANALYZER_NONNULL = YES;
				CLANG_CXX_LANGUAGE_STANDARD = "gnu++0x";
				CLANG_CXX_LIBRARY = "libc++";
				CLANG_ENABLE_MODULES = YES;
				CLANG_ENABLE_OBJC_ARC = YES;
				CLANG_WARN_BOOL_CONVERSION = YES;
				CLANG_WARN_CONSTANT_CONVERSION = YES;
				CLANG_WARN_DIRECT_OBJC_ISA_USAGE = YES_ERROR;
				CLANG_WARN_DOCUMENTATION_COMMENTS = YES;
				CLANG_WARN_EMPTY_BODY = YES;
				CLANG_WARN_ENUM_CONVERSION = YES;
				CLANG_WARN_INFINITE_RECURSION = YES;
				CLANG_WARN_INT_CONVERSION = YES;
				CLANG_WARN_OBJC_ROOT_CLASS = YES_ERROR;
				CLANG_WARN_SUSPICIOUS_MOVES = YES;
				CLANG_WARN_UNREACHABLE_CODE = YES;
				CLANG_WARN__DUPLICATE_METHOD_MATCH = YES;
				"CODE_SIGN_IDENTITY[sdk=iphoneos*]" = "iPhone Developer";
				COPY_PHASE_STRIP = NO;
				DEBUG_INFORMATION_FORMAT = "dwarf-with-dsym";
				ENABLE_NS_ASSERTIONS = NO;
				ENABLE_STRICT_OBJC_MSGSEND = YES;
				GCC_C_LANGUAGE_STANDARD = gnu99;
				GCC_NO_COMMON_BLOCKS = YES;
				GCC_WARN_64_TO_32_BIT_CONVERSION = YES;
				GCC_WARN_ABOUT_RETURN_TYPE = YES_ERROR;
				GCC_WARN_UNDECLARED_SELECTOR = YES;
				GCC_WARN_UNINITIALIZED_AUTOS = YES_AGGRESSIVE;
				GCC_WARN_UNUSED_FUNCTION = YES;
				GCC_WARN_UNUSED_VARIABLE = YES;
				IPHONEOS_DEPLOYMENT_TARGET = 10.0;
				MTL_ENABLE_DEBUG_INFO = NO;
				SDKROOT = iphoneos;
				SWIFT_OPTIMIZATION_LEVEL = "-Owholemodule";
				VALIDATE_PRODUCT = YES;
			};
			name = Release;
		};
		9A83E06A1DA69FB200DBE157 /* Debug */ = {
			isa = XCBuildConfiguration;
			buildSettings = {
				ASSETCATALOG_COMPILER_APPICON_NAME = AppIcon;
				DEVELOPMENT_TEAM = "";
				INFOPLIST_FILE = Roosters/Info.plist;
				LD_RUNPATH_SEARCH_PATHS = "$(inherited) @executable_path/Frameworks";
				PRODUCT_BUNDLE_IDENTIFIER = dev.saxionroosters.Roosters;
				PRODUCT_NAME = "$(TARGET_NAME)";
				SWIFT_VERSION = 3.0;
			};
			name = Debug;
		};
		9A83E06B1DA69FB200DBE157 /* Release */ = {
			isa = XCBuildConfiguration;
			buildSettings = {
				ASSETCATALOG_COMPILER_APPICON_NAME = AppIcon;
				DEVELOPMENT_TEAM = "";
				INFOPLIST_FILE = Roosters/Info.plist;
				LD_RUNPATH_SEARCH_PATHS = "$(inherited) @executable_path/Frameworks";
				PRODUCT_BUNDLE_IDENTIFIER = dev.saxionroosters.Roosters;
				PRODUCT_NAME = "$(TARGET_NAME)";
				SWIFT_VERSION = 3.0;
			};
			name = Release;
		};
/* End XCBuildConfiguration section */

/* Begin XCConfigurationList section */
		9A83E0521DA69FB100DBE157 /* Build configuration list for PBXProject "Roosters" */ = {
			isa = XCConfigurationList;
			buildConfigurations = (
				9A83E0671DA69FB200DBE157 /* Debug */,
				9A83E0681DA69FB200DBE157 /* Release */,
			);
			defaultConfigurationIsVisible = 0;
			defaultConfigurationName = Release;
		};
		9A83E0691DA69FB200DBE157 /* Build configuration list for PBXNativeTarget "Roosters" */ = {
			isa = XCConfigurationList;
			buildConfigurations = (
				9A83E06A1DA69FB200DBE157 /* Debug */,
				9A83E06B1DA69FB200DBE157 /* Release */,
			);
			defaultConfigurationIsVisible = 0;
			defaultConfigurationName = Release;
		};
/* End XCConfigurationList section */
	};
	rootObject = 9A83E04F1DA69FB100DBE157 /* Project object */;
}
